
Microsoft Visual Studio Solution File, Format Version 12.00
# Visual Studio Version 16
VisualStudioVersion = 16.0.30907.101
MinimumVisualStudioVersion = 10.0.40219.1
Project("{FAE04EC0-301F-11D3-BF4B-00C04F79EFBC}") = "LembreteTemporario", "LembreteTemporario.csproj", "{25F442C2-CCD5-4320-8908-854D58590E0A}"
EndProject
Project("{54435603-DBB4-11D2-8724-00A0C9A8B90C}") = "Instalador_Lembrete", "..\Instaladores\Instalador_Lembrete\Instalador_Lembrete.vdproj", "{2D55D9DC-8A94-458A-BA96-B82BD30B41A9}"
EndProject
Global
	GlobalSection(SolutionConfigurationPlatforms) = preSolution
		Debug|Any CPU = Debug|Any CPU
		Release|Any CPU = Release|Any CPU
	EndGlobalSection
	GlobalSection(ProjectConfigurationPlatforms) = postSolution
		{25F442C2-CCD5-4320-8908-854D58590E0A}.Debug|Any CPU.ActiveCfg = Debug|Any CPU
		{25F442C2-CCD5-4320-8908-854D58590E0A}.Debug|Any CPU.Build.0 = Debug|Any CPU
		{25F442C2-CCD5-4320-8908-854D58590E0A}.Release|Any CPU.ActiveCfg = Release|Any CPU
		{25F442C2-CCD5-4320-8908-854D58590E0A}.Release|Any CPU.Build.0 = Release|Any CPU
		{2D55D9DC-8A94-458A-BA96-B82BD30B41A9}.Debug|Any CPU.ActiveCfg = Debug
		{2D55D9DC-8A94-458A-BA96-B82BD30B41A9}.Release|Any CPU.ActiveCfg = Release
	EndGlobalSection
	GlobalSection(SolutionProperties) = preSolution
		HideSolutionNode = FALSE
	EndGlobalSection
	GlobalSection(ExtensibilityGlobals) = postSolution
		SolutionGuid = {0C41AA86-844C-4611-A6AA-3B91B0597EB3}
	EndGlobalSection
EndGlobal
